
Microsoft Visual Studio Solution File, Format Version 12.00
# Visual Studio 15
VisualStudioVersion = 15.0.28307.438
MinimumVisualStudioVersion = 10.0.40219.1
Project("{8BC9CEB8-8B4A-11D0-8D11-00A0C91BC942}") = "constraining_camera", "constraining_camera\constraining_camera.vcxproj", "{2973B16B-8B19-4E43-BEA7-0030D42375F4}"
EndProject
Global
	GlobalSection(SolutionConfigurationPlatforms) = preSolution
		Debug|x64 = Debug|x64
		Debug|x86 = Debug|x86
		Release|x64 = Release|x64
		Release|x86 = Release|x86
	EndGlobalSection
	GlobalSection(ProjectConfigurationPlatforms) = postSolution
		{2973B16B-8B19-4E43-BEA7-0030D42375F4}.Debug|x64.ActiveCfg = Debug|x64
		{2973B16B-8B19-4E43-BEA7-0030D42375F4}.Debug|x64.Build.0 = Debug|x64
		{2973B16B-8B19-4E43-BEA7-0030D42375F4}.Debug|x86.ActiveCfg = Debug|Win32
		{2973B16B-8B19-4E43-BEA7-0030D42375F4}.Debug|x86.Build.0 = Debug|Win32
		{2973B16B-8B19-4E43-BEA7-0030D42375F4}.Release|x64.ActiveCfg = Release|x64
		{2973B16B-8B19-4E43-BEA7-0030D42375F4}.Release|x64.Build.0 = Release|x64
		{2973B16B-8B19-4E43-BEA7-0030D42375F4}.Release|x86.ActiveCfg = Release|Win32
		{2973B16B-8B19-4E43-BEA7-0030D42375F4}.Release|x86.Build.0 = Release|Win32
	EndGlobalSection
	GlobalSection(SolutionProperties) = preSolution
		HideSolutionNode = FALSE
	EndGlobalSection
	GlobalSection(ExtensibilityGlobals) = postSolution
		SolutionGuid = {8F801169-480D-4A92-A5C0-37357C2FA400}
	EndGlobalSection
EndGlobal
